
Microsoft Visual Studio Solution File, Format Version 10.00
# Visual Studio 2008
Project("{FAE04EC0-301F-11D3-BF4B-00C04F79EFBC}") = "OrevWeb", "OrevWeb\OrevWeb.csproj", "{F26A9A5E-0D65-4EAC-83D5-B45F46EBE857}"
EndProject
Project("{FAE04EC0-301F-11D3-BF4B-00C04F79EFBC}") = "Orev.Tests", "Orev.Tests\Orev.Tests.csproj", "{822C2CE0-8072-4000-920C-20E32D4813EA}"
EndProject
Project("{2150E333-8FDC-42A3-9474-1A3956D46DE8}") = "Tests", "Tests", "{4EA3713C-1F2D-48D6-9299-ABF8771802ED}"
EndProject
Project("{FAE04EC0-301F-11D3-BF4B-00C04F79EFBC}") = "OrevLib", "OrevLib\OrevLib.csproj", "{77BA6F00-14D7-4844-815A-6073199B293C}"
EndProject
Global
	GlobalSection(SolutionConfigurationPlatforms) = preSolution
		Debug|Any CPU = Debug|Any CPU
		Release|Any CPU = Release|Any CPU
	EndGlobalSection
	GlobalSection(ProjectConfigurationPlatforms) = postSolution
		{F26A9A5E-0D65-4EAC-83D5-B45F46EBE857}.Debug|Any CPU.ActiveCfg = Debug|Any CPU
		{F26A9A5E-0D65-4EAC-83D5-B45F46EBE857}.Debug|Any CPU.Build.0 = Debug|Any CPU
		{F26A9A5E-0D65-4EAC-83D5-B45F46EBE857}.Release|Any CPU.ActiveCfg = Release|Any CPU
		{F26A9A5E-0D65-4EAC-83D5-B45F46EBE857}.Release|Any CPU.Build.0 = Release|Any CPU
		{822C2CE0-8072-4000-920C-20E32D4813EA}.Debug|Any CPU.ActiveCfg = Debug|Any CPU
		{822C2CE0-8072-4000-920C-20E32D4813EA}.Debug|Any CPU.Build.0 = Debug|Any CPU
		{822C2CE0-8072-4000-920C-20E32D4813EA}.Release|Any CPU.ActiveCfg = Release|Any CPU
		{822C2CE0-8072-4000-920C-20E32D4813EA}.Release|Any CPU.Build.0 = Release|Any CPU
		{77BA6F00-14D7-4844-815A-6073199B293C}.Debug|Any CPU.ActiveCfg = Debug|Any CPU
		{77BA6F00-14D7-4844-815A-6073199B293C}.Debug|Any CPU.Build.0 = Debug|Any CPU
		{77BA6F00-14D7-4844-815A-6073199B293C}.Release|Any CPU.ActiveCfg = Release|Any CPU
		{77BA6F00-14D7-4844-815A-6073199B293C}.Release|Any CPU.Build.0 = Release|Any CPU
	EndGlobalSection
	GlobalSection(SolutionProperties) = preSolution
		HideSolutionNode = FALSE
	EndGlobalSection
	GlobalSection(NestedProjects) = preSolution
		{822C2CE0-8072-4000-920C-20E32D4813EA} = {4EA3713C-1F2D-48D6-9299-ABF8771802ED}
	EndGlobalSection
EndGlobal
